
Microsoft Visual Studio Solution File, Format Version 12.00
# Visual Studio 2012
Project("{FAE04EC0-301F-11D3-BF4B-00C04F79EFBC}") = "FourChess", "FourChess\FourChess.csproj", "{299ED0E8-EE17-40D7-976A-4F919033CDF5}"
EndProject
Project("{FAE04EC0-301F-11D3-BF4B-00C04F79EFBC}") = "FourChessCore", "FourChessCore\FourChessCore.csproj", "{04697C2E-E5AA-48A6-B6ED-6FEA30672A55}"
EndProject
Global
	GlobalSection(SolutionConfigurationPlatforms) = preSolution
		Debug|Any CPU = Debug|Any CPU
		Release|Any CPU = Release|Any CPU
	EndGlobalSection
	GlobalSection(ProjectConfigurationPlatforms) = postSolution
		{299ED0E8-EE17-40D7-976A-4F919033CDF5}.Debug|Any CPU.ActiveCfg = Debug|Any CPU
		{299ED0E8-EE17-40D7-976A-4F919033CDF5}.Debug|Any CPU.Build.0 = Debug|Any CPU
		{299ED0E8-EE17-40D7-976A-4F919033CDF5}.Release|Any CPU.ActiveCfg = Release|Any CPU
		{299ED0E8-EE17-40D7-976A-4F919033CDF5}.Release|Any CPU.Build.0 = Release|Any CPU
		{04697C2E-E5AA-48A6-B6ED-6FEA30672A55}.Debug|Any CPU.ActiveCfg = Debug|Any CPU
		{04697C2E-E5AA-48A6-B6ED-6FEA30672A55}.Debug|Any CPU.Build.0 = Debug|Any CPU
		{04697C2E-E5AA-48A6-B6ED-6FEA30672A55}.Release|Any CPU.ActiveCfg = Release|Any CPU
		{04697C2E-E5AA-48A6-B6ED-6FEA30672A55}.Release|Any CPU.Build.0 = Release|Any CPU
	EndGlobalSection
	GlobalSection(SolutionProperties) = preSolution
		HideSolutionNode = FALSE
	EndGlobalSection
EndGlobal
